{
  "requires": true,
  "lockfileVersion": 1,
  "dependencies": {
    "directory-tree": {
      "version": "2.2.4",
      "resolved": "https://registry.npmjs.org/directory-tree/-/directory-tree-2.2.4.tgz",
      "integrity": "sha512-2N43msQptKbi3WMfIs+U09yi6bfyKL+MWyj5VMj8t1F/Tx04bt1cn/EEIU3o1JBltlJk7NQnzOEuTNa/KQvbWA=="
    },
    "tslib": {
      "version": "1.13.0",
      "resolved": "https://registry.npmjs.org/tslib/-/tslib-1.13.0.tgz",
      "integrity": "sha512-i/6DQjL8Xf3be4K/E6Wgpekn5Qasl1usyw++dAA35Ue5orEn65VIxOA+YvNNl9HV3qv70T7CNwjODHZrLwvd1Q=="
    },
    "upper-case": {
      "version": "2.0.1",
      "resolved": "https://registry.npmjs.org/upper-case/-/upper-case-2.0.1.tgz",
      "integrity": "sha512-laAsbea9SY5osxrv7S99vH9xAaJKrw5Qpdh4ENRLcaxipjKsiaBwiAsxfa8X5mObKNTQPsupSq0J/VIxsSJe3A==",
      "requires": {
        "tslib": "^1.10.0"
      }
    }
  }
}
